// !$*UTF8*$!
{
	archiveVersion = 1;
	classes = {
	};
	objectVersion = 56;
	objects = {

/* Begin PBXBuildFile section */
		6D59A8D428DA1752001F97BC /* InstaSpringApp.swift in Sources */ = {isa = PBXBuildFile; fileRef = 6D59A8D328DA1752001F97BC /* InstaSpringApp.swift */; };
		6D59A8D628DA1752001F97BC /* ContentView.swift in Sources */ = {isa = PBXBuildFile; fileRef = 6D59A8D528DA1752001F97BC /* ContentView.swift */; };
		6D59A8D828DA1754001F97BC /* Assets.xcassets in Resources */ = {isa = PBXBuildFile; fileRef = 6D59A8D728DA1754001F97BC /* Assets.xcassets */; };
		6D59A8DB28DA1754001F97BC /* Preview Assets.xcassets in Resources */ = {isa = PBXBuildFile; fileRef = 6D59A8DA28DA1754001F97BC /* Preview Assets.xcassets */; };
/* End PBXBuildFile section */

/* Begin PBXContainerItemProxy section */
		6D59A8E128DA1754001F97BC /* PBXContainerItemProxy */ = {
			isa = PBXContainerItemProxy;
			containerPortal = 6D59A8C828DA1752001F97BC /* Project object */;
			proxyType = 1;
			remoteGlobalIDString = 6D59A8CF28DA1752001F97BC;
			remoteInfo = InstaSpring;
		};
		6D59A8EB28DA1754001F97BC /* PBXContainerItemProxy */ = {
			isa = PBXContainerItemProxy;
			containerPortal = 6D59A8C828DA1752001F97BC /* Project object */;
			proxyType = 1;
			remoteGlobalIDString = 6D59A8CF28DA1752001F97BC;
			remoteInfo = InstaSpring;
		};
/* End PBXContainerItemProxy section */

/* Begin PBXFileReference section */
		6D59A8D028DA1752001F97BC /* InstaSpring.app */ = {isa = PBXFileReference; explicitFileType = wrapper.application; includeInIndex = 0; path = InstaSpring.app; sourceTree = BUILT_PRODUCTS_DIR; };
		6D59A8D328DA1752001F97BC /* InstaSpringApp.swift */ = {isa = PBXFileReference; lastKnownFileType = sourcecode.swift; path = InstaSpringApp.swift; sourceTree = "<group>"; };
		6D59A8D528DA1752001F97BC /* ContentView.swift */ = {isa = PBXFileReference; lastKnownFileType = sourcecode.swift; path = ContentView.swift; sourceTree = "<group>"; };
		6D59A8D728DA1754001F97BC /* Assets.xcassets */ = {isa = PBXFileReference; lastKnownFileType = folder.assetcatalog; path = Assets.xcassets; sourceTree = "<group>"; };
		6D59A8DA28DA1754001F97BC /* Preview Assets.xcassets */ = {isa = PBXFileReference; lastKnownFileType = folder.assetcatalog; path = "Preview Assets.xcassets"; sourceTree = "<group>"; };
		6D59A8E028DA1754001F97BC /* InstaSpringTests.xctest */ = {isa = PBXFileReference; explicitFileType = wrapper.cfbundle; includeInIndex = 0; path = InstaSpringTests.xctest; sourceTree = BUILT_PRODUCTS_DIR; };
		6D59A8EA28DA1754001F97BC /* InstaSpringUITests.xctest */ = {isa = PBXFileReference; explicitFileType = wrapper.cfbundle; includeInIndex = 0; path = InstaSpringUITests.xctest; sourceTree = BUILT_PRODUCTS_DIR; };
/* End PBXFileReference section */

/* Begin PBXFrameworksBuildPhase section */
		6D59A8CD28DA1752001F97BC /* Frameworks */ = {
			isa = PBXFrameworksBuildPhase;
			buildActionMask = 2147483647;
			files = (
			);
			runOnlyForDeploymentPostprocessing = 0;
		};
		6D59A8DD28DA1754001F97BC /* Frameworks */ = {
			isa = PBXFrameworksBuildPhase;
			buildActionMask = 2147483647;
			files = (
			);
			runOnlyForDeploymentPostprocessing = 0;
		};
		6D59A8E728DA1754001F97BC /* Frameworks */ = {
			isa = PBXFrameworksBuildPhase;
			buildActionMask = 2147483647;
			files = (
			);
			runOnlyForDeploymentPostprocessing = 0;
		};
/* End PBXFrameworksBuildPhase section */

/* Begin PBXGroup section */
		6D59A8C728DA1752001F97BC = {
			isa = PBXGroup;
			children = (
				6D59A8D228DA1752001F97BC /* InstaSpring */,
				6D59A8D128DA1752001F97BC /* Products */,
			);
			sourceTree = "<group>";
		};
		6D59A8D128DA1752001F97BC /* Products */ = {
			isa = PBXGroup;
			children = (
				6D59A8D028DA1752001F97BC /* InstaSpring.app */,
				6D59A8E028DA1754001F97BC /* InstaSpringTests.xctest */,
				6D59A8EA28DA1754001F97BC /* InstaSpringUITests.xctest */,
			);
			name = Products;
			sourceTree = "<group>";
		};
		6D59A8D228DA1752001F97BC /* InstaSpring */ = {
			isa = PBXGroup;
			children = (
				6D59A8D328DA1752001F97BC /* InstaSpringApp.swift */,
				6D59A8D528DA1752001F97BC /* ContentView.swift */,
				6D59A8D728DA1754001F97BC /* Assets.xcassets */,
				6D59A8D928DA1754001F97BC /* Preview Content */,
			);
			path = InstaSpring;
			sourceTree = "<group>";
		};
		6D59A8D928DA1754001F97BC /* Preview Content */ = {
			isa = PBXGroup;
			children = (
				6D59A8DA28DA1754001F97BC /* Preview Assets.xcassets */,
			);
			path = "Preview Content";
			sourceTree = "<group>";
		};
/* End PBXGroup section */

/* Begin PBXNativeTarget section */
		6D59A8CF28DA1752001F97BC /* InstaSpring */ = {
			isa = PBXNativeTarget;
			buildConfigurationList = 6D59A8F428DA1754001F97BC /* Build configuration list for PBXNativeTarget "InstaSpring" */;
			buildPhases = (
				6D59A8CC28DA1752001F97BC /* Sources */,
				6D59A8CD28DA1752001F97BC /* Frameworks */,
				6D59A8CE28DA1752001F97BC /* Resources */,
			);
			buildRules = (
			);
			dependencies = (
			);
			name = InstaSpring;
			productName = InstaSpring;
			productReference = 6D59A8D028DA1752001F97BC /* InstaSpring.app */;
			productType = "com.apple.product-type.application";
		};
		6D59A8DF28DA1754001F97BC /* InstaSpringTests */ = {
			isa = PBXNativeTarget;
			buildConfigurationList = 6D59A8F728DA1754001F97BC /* Build configuration list for PBXNativeTarget "InstaSpringTests" */;
			buildPhases = (
				6D59A8DC28DA1754001F97BC /* Sources */,
				6D59A8DD28DA1754001F97BC /* Frameworks */,
				6D59A8DE28DA1754001F97BC /* Resources */,
			);
			buildRules = (
			);
			dependencies = (
				6D59A8E228DA1754001F97BC /* PBXTargetDependency */,
			);
			name = InstaSpringTests;
			productName = InstaSpringTests;
			productReference = 6D59A8E028DA1754001F97BC /* InstaSpringTests.xctest */;
			productType = "com.apple.product-type.bundle.unit-test";
		};
		6D59A8E928DA1754001F97BC /* InstaSpringUITests */ = {
			isa = PBXNativeTarget;
			buildConfigurationList = 6D59A8FA28DA1754001F97BC /* Build configuration list for PBXNativeTarget "InstaSpringUITests" */;
			buildPhases = (
				6D59A8E628DA1754001F97BC /* Sources */,
				6D59A8E728DA1754001F97BC /* Frameworks */,
				6D59A8E828DA1754001F97BC /* Resources */,
			);
			buildRules = (
			);
			dependencies = (
				6D59A8EC28DA1754001F97BC /* PBXTargetDependency */,
			);
			name = InstaSpringUITests;
			productName = InstaSpringUITests;
			productReference = 6D59A8EA28DA1754001F97BC /* InstaSpringUITests.xctest */;
			productType = "com.apple.product-type.bundle.ui-testing";
		};
/* End PBXNativeTarget section */

/* Begin PBXProject section */
		6D59A8C828DA1752001F97BC /* Project object */ = {
			isa = PBXProject;
			attributes = {
				BuildIndependentTargetsInParallel = 1;
				LastSwiftUpdateCheck = 1410;
				LastUpgradeCheck = 1410;
				TargetAttributes = {
					6D59A8CF28DA1752001F97BC = {
						CreatedOnToolsVersion = 14.1;
					};
					6D59A8DF28DA1754001F97BC = {
						CreatedOnToolsVersion = 14.1;
						TestTargetID = 6D59A8CF28DA1752001F97BC;
					};
					6D59A8E928DA1754001F97BC = {
						CreatedOnToolsVersion = 14.1;
						TestTargetID = 6D59A8CF28DA1752001F97BC;
					};
				};
			};
			buildConfigurationList = 6D59A8CB28DA1752001F97BC /* Build configuration list for PBXProject "InstaSpring" */;
			compatibilityVersion = "Xcode 14.0";
			developmentRegion = en;
			hasScannedForEncodings = 0;
			knownRegions = (
				en,
				Base,
			);
			mainGroup = 6D59A8C728DA1752001F97BC;
			productRefGroup = 6D59A8D128DA1752001F97BC /* Products */;
			projectDirPath = "";
			projectRoot = "";
			targets = (
				6D59A8CF28DA1752001F97BC /* InstaSpring */,
				6D59A8DF28DA1754001F97BC /* InstaSpringTests */,
				6D59A8E928DA1754001F97BC /* InstaSpringUITests */,
			);
		};
/* End PBXProject section */

/* Begin PBXResourcesBuildPhase section */
		6D59A8CE28DA1752001F97BC /* Resources */ = {
			isa = PBXResourcesBuildPhase;
			buildActionMask = 2147483647;
			files = (
				6D59A8DB28DA1754001F97BC /* Preview Assets.xcassets in Resources */,
				6D59A8D828DA1754001F97BC /* Assets.xcassets in Resources */,
			);
			runOnlyForDeploymentPostprocessing = 0;
		};
		6D59A8DE28DA1754001F97BC /* Resources */ = {
			isa = PBXResourcesBuildPhase;
			buildActionMask = 2147483647;
			files = (
			);
			runOnlyForDeploymentPostprocessing = 0;
		};
		6D59A8E828DA1754001F97BC /* Resources */ = {
			isa = PBXResourcesBuildPhase;
			buildActionMask = 2147483647;
			files = (
			);
			runOnlyForDeploymentPostprocessing = 0;
		};
/* End PBXResourcesBuildPhase section */

/* Begin PBXSourcesBuildPhase section */
		6D59A8CC28DA1752001F97BC /* Sources */ = {
			isa = PBXSourcesBuildPhase;
			buildActionMask = 2147483647;
			files = (
				6D59A8D628DA1752001F97BC /* ContentView.swift in Sources */,
				6D59A8D428DA1752001F97BC /* InstaSpringApp.swift in Sources */,
			);
			runOnlyForDeploymentPostprocessing = 0;
		};
		6D59A8DC28DA1754001F97BC /* Sources */ = {
			isa = PBXSourcesBuildPhase;
			buildActionMask = 2147483647;
			files = (
			);
			runOnlyForDeploymentPostprocessing = 0;
		};
		6D59A8E628DA1754001F97BC /* Sources */ = {
			isa = PBXSourcesBuildPhase;
			buildActionMask = 2147483647;
			files = (
			);
			runOnlyForDeploymentPostprocessing = 0;
		};
/* End PBXSourcesBuildPhase section */

/* Begin PBXTargetDependency section */
		6D59A8E228DA1754001F97BC /* PBXTargetDependency */ = {
			isa = PBXTargetDependency;
			target = 6D59A8CF28DA1752001F97BC /* InstaSpring */;
			targetProxy = 6D59A8E128DA1754001F97BC /* PBXContainerItemProxy */;
		};
		6D59A8EC28DA1754001F97BC /* PBXTargetDependency */ = {
			isa = PBXTargetDependency;
			target = 6D59A8CF28DA1752001F97BC /* InstaSpring */;
			targetProxy = 6D59A8EB28DA1754001F97BC /* PBXContainerItemProxy */;
		};
/* End PBXTargetDependency section */

/* Begin XCBuildConfiguration section */
		6D59A8F228DA1754001F97BC /* Debug */ = {
			isa = XCBuildConfiguration;
			buildSettings = {
				ALWAYS_SEARCH_USER_PATHS = NO;
				CLANG_ANALYZER_NONNULL = YES;
				CLANG_ANALYZER_NUMBER_OBJECT_CONVERSION = YES_AGGRESSIVE;
				CLANG_CXX_LANGUAGE_STANDARD = "gnu++20";
				CLANG_ENABLE_MODULES = YES;
				CLANG_ENABLE_OBJC_ARC = YES;
				CLANG_ENABLE_OBJC_WEAK = YES;
				CLANG_WARN_BLOCK_CAPTURE_AUTORELEASING = YES;
				CLANG_WARN_BOOL_CONVERSION = YES;
				CLANG_WARN_COMMA = YES;
				CLANG_WARN_CONSTANT_CONVERSION = YES;
				CLANG_WARN_DEPRECATED_OBJC_IMPLEMENTATIONS = YES;
				CLANG_WARN_DIRECT_OBJC_ISA_USAGE = YES_ERROR;
				CLANG_WARN_DOCUMENTATION_COMMENTS = YES;
				CLANG_WARN_EMPTY_BODY = YES;
				CLANG_WARN_ENUM_CONVERSION = YES;
				CLANG_WARN_INFINITE_RECURSION = YES;
				CLANG_WARN_INT_CONVERSION = YES;
				CLANG_WARN_NON_LITERAL_NULL_CONVERSION = YES;
				CLANG_WARN_OBJC_IMPLICIT_RETAIN_SELF = YES;
				CLANG_WARN_OBJC_LITERAL_CONVERSION = YES;
				CLANG_WARN_OBJC_ROOT_CLASS = YES_ERROR;
				CLANG_WARN_QUOTED_INCLUDE_IN_FRAMEWORK_HEADER = YES;
				CLANG_WARN_RANGE_LOOP_ANALYSIS = YES;
				CLANG_WARN_STRICT_PROTOTYPES = YES;
				CLANG_WARN_SUSPICIOUS_MOVE = YES;
				CLANG_WARN_UNGUARDED_AVAILABILITY = YES_AGGRESSIVE;
				CLANG_WARN_UNREACHABLE_CODE = YES;
				CLANG_WARN__DUPLICATE_METHOD_MATCH = YES;
				COPY_PHASE_STRIP = NO;
				DEBUG_INFORMATION_FORMAT = dwarf;
				ENABLE_STRICT_OBJC_MSGSEND = YES;
				ENABLE_TESTABILITY = YES;
				GCC_C_LANGUAGE_STANDARD = gnu11;
				GCC_DYNAMIC_NO_PIC = NO;
				GCC_NO_COMMON_BLOCKS = YES;
				GCC_OPTIMIZATION_LEVEL = 0;
				GCC_PREPROCESSOR_DEFINITIONS = (
					"DEBUG=1",
					"$(inherited)",
				);
				GCC_WARN_64_TO_32_BIT_CONVERSION = YES;
				GCC_WARN_ABOUT_RETURN_TYPE = YES_ERROR;
				GCC_WARN_UNDECLARED_SELECTOR = YES;
				GCC_WARN_UNINITIALIZED_AUTOS = YES_AGGRESSIVE;
				GCC_WARN_UNUSED_FUNCTION = YES;
				GCC_WARN_UNUSED_VARIABLE = YES;
				IPHONEOS_DEPLOYMENT_TARGET = 16.1;
				MTL_ENABLE_DEBUG_INFO = INCLUDE_SOURCE;
				MTL_FAST_MATH = YES;
				ONLY_ACTIVE_ARCH = YES;
				SDKROOT = iphoneos;
				SWIFT_ACTIVE_COMPILATION_CONDITIONS = DEBUG;
				SWIFT_OPTIMIZATION_LEVEL = "-Onone";
			};
			name = Debug;
		};
		6D59A8F328DA1754001F97BC /* Release */ = {
			isa = XCBuildConfiguration;
			buildSettings = {
				ALWAYS_SEARCH_USER_PATHS = NO;
				CLANG_ANALYZER_NONNULL = YES;
				CLANG_ANALYZER_NUMBER_OBJECT_CONVERSION = YES_AGGRESSIVE;
				CLANG_CXX_LANGUAGE_STANDARD = "gnu++20";
				CLANG_ENABLE_MODULES = YES;
				CLANG_ENABLE_OBJC_ARC = YES;
				CLANG_ENABLE_OBJC_WEAK = YES;
				CLANG_WARN_BLOCK_CAPTURE_AUTORELEASING = YES;
				CLANG_WARN_BOOL_CONVERSION = YES;
				CLANG_WARN_COMMA = YES;
				CLANG_WARN_CONSTANT_CONVERSION = YES;
				CLANG_WARN_DEPRECATED_OBJC_IMPLEMENTATIONS = YES;
				CLANG_WARN_DIRECT_OBJC_ISA_USAGE = YES_ERROR;
				CLANG_WARN_DOCUMENTATION_COMMENTS = YES;
				CLANG_WARN_EMPTY_BODY = YES;
				CLANG_WARN_ENUM_CONVERSION = YES;
				CLANG_WARN_INFINITE_RECURSION = YES;
				CLANG_WARN_INT_CONVERSION = YES;
				CLANG_WARN_NON_LITERAL_NULL_CONVERSION = YES;
				CLANG_WARN_OBJC_IMPLICIT_RETAIN_SELF = YES;
				CLANG_WARN_OBJC_LITERAL_CONVERSION = YES;
				CLANG_WARN_OBJC_ROOT_CLASS = YES_ERROR;
				CLANG_WARN_QUOTED_INCLUDE_IN_FRAMEWORK_HEADER = YES;
				CLANG_WARN_RANGE_LOOP_ANALYSIS = YES;
				CLANG_WARN_STRICT_PROTOTYPES = YES;
				CLANG_WARN_SUSPICIOUS_MOVE = YES;
				CLANG_WARN_UNGUARDED_AVAILABILITY = YES_AGGRESSIVE;
				CLANG_WARN_UNREACHABLE_CODE = YES;
				CLANG_WARN__DUPLICATE_METHOD_MATCH = YES;
				COPY_PHASE_STRIP = NO;
				DEBUG_INFORMATION_FORMAT = "dwarf-with-dsym";
				ENABLE_NS_ASSERTIONS = NO;
				ENABLE_STRICT_OBJC_MSGSEND = YES;
				GCC_C_LANGUAGE_STANDARD = gnu11;
				GCC_NO_COMMON_BLOCKS = YES;
				GCC_WARN_64_TO_32_BIT_CONVERSION = YES;
				GCC_WARN_ABOUT_RETURN_TYPE = YES_ERROR;
				GCC_WARN_UNDECLARED_SELECTOR = YES;
				GCC_WARN_UNINITIALIZED_AUTOS = YES_AGGRESSIVE;
				GCC_WARN_UNUSED_FUNCTION = YES;
				GCC_WARN_UNUSED_VARIABLE = YES;
				IPHONEOS_DEPLOYMENT_TARGET = 16.1;
				MTL_ENABLE_DEBUG_INFO = NO;
				MTL_FAST_MATH = YES;
				SDKROOT = iphoneos;
				SWIFT_COMPILATION_MODE = wholemodule;
				SWIFT_OPTIMIZATION_LEVEL = "-O";
				VALIDATE_PRODUCT = YES;
			};
			name = Release;
		};
		6D59A8F528DA1754001F97BC /* Debug */ = {
			isa = XCBuildConfiguration;
			buildSettings = {
				ASSETCATALOG_COMPILER_APPICON_NAME = AppIcon;
				ASSETCATALOG_COMPILER_GLOBAL_ACCENT_COLOR_NAME = AccentColor;
				CODE_SIGN_STYLE = Automatic;
				CURRENT_PROJECT_VERSION = 1;
				DEVELOPMENT_ASSET_PATHS = "\"InstaSpring/Preview Content\"";
				DEVELOPMENT_TEAM = A999YUQPG2;
				ENABLE_PREVIEWS = YES;
				GENERATE_INFOPLIST_FILE = YES;
				INFOPLIST_KEY_UIApplicationSceneManifest_Generation = YES;
				INFOPLIST_KEY_UIApplicationSupportsIndirectInputEvents = YES;
				INFOPLIST_KEY_UILaunchScreen_Generation = YES;
				INFOPLIST_KEY_UISupportedInterfaceOrientations_iPad = "UIInterfaceOrientationPortrait UIInterfaceOrientationPortraitUpsideDown UIInterfaceOrientationLandscapeLeft UIInterfaceOrientationLandscapeRight";
				INFOPLIST_KEY_UISupportedInterfaceOrientations_iPhone = "UIInterfaceOrientationPortrait UIInterfaceOrientationLandscapeLeft UIInterfaceOrientationLandscapeRight";
				IPHONEOS_DEPLOYMENT_TARGET = 14.0;
				LD_RUNPATH_SEARCH_PATHS = (
					"$(inherited)",
					"@executable_path/Frameworks",
				);
				MARKETING_VERSION = 1.0;
				PRODUCT_BUNDLE_IDENTIFIER = org.haxi0.InstaSpring;
				PRODUCT_NAME = "$(TARGET_NAME)";
				SWIFT_EMIT_LOC_STRINGS = YES;
				SWIFT_VERSION = 5.0;
				TARGETED_DEVICE_FAMILY = "1,2";
			};
			name = Debug;
		};
		6D59A8F628DA1754001F97BC /* Release */ = {
			isa = XCBuildConfiguration;
			buildSettings = {
				ASSETCATALOG_COMPILER_APPICON_NAME = AppIcon;
				ASSETCATALOG_COMPILER_GLOBAL_ACCENT_COLOR_NAME = AccentColor;
				CODE_SIGN_STYLE = Automatic;
				CURRENT_PROJECT_VERSION = 1;
				DEVELOPMENT_ASSET_PATHS = "\"InstaSpring/Preview Content\"";
				DEVELOPMENT_TEAM = A999YUQPG2;
				ENABLE_PREVIEWS = YES;
				GENERATE_INFOPLIST_FILE = YES;
				INFOPLIST_KEY_UIApplicationSceneManifest_Generation = YES;
				INFOPLIST_KEY_UIApplicationSupportsIndirectInputEvents = YES;
				INFOPLIST_KEY_UILaunchScreen_Generation = YES;
				INFOPLIST_KEY_UISupportedInterfaceOrientations_iPad = "UIInterfaceOrientationPortrait UIInterfaceOrientationPortraitUpsideDown UIInterfaceOrientationLandscapeLeft UIInterfaceOrientationLandscapeRight";
				INFOPLIST_KEY_UISupportedInterfaceOrientations_iPhone = "UIInterfaceOrientationPortrait UIInterfaceOrientationLandscapeLeft UIInterfaceOrientationLandscapeRight";
				IPHONEOS_DEPLOYMENT_TARGET = 14.0;
				LD_RUNPATH_SEARCH_PATHS = (
					"$(inherited)",
					"@executable_path/Frameworks",
				);
				MARKETING_VERSION = 1.0;
				PRODUCT_BUNDLE_IDENTIFIER = org.haxi0.InstaSpring;
				PRODUCT_NAME = "$(TARGET_NAME)";
				SWIFT_EMIT_LOC_STRINGS = YES;
				SWIFT_VERSION = 5.0;
				TARGETED_DEVICE_FAMILY = "1,2";
			};
			name = Release;
		};
		6D59A8F828DA1754001F97BC /* Debug */ = {
			isa = XCBuildConfiguration;
			buildSettings = {
				ALWAYS_EMBED_SWIFT_STANDARD_LIBRARIES = YES;
				BUNDLE_LOADER = "$(TEST_HOST)";
				CODE_SIGN_STYLE = Automatic;
				CURRENT_PROJECT_VERSION = 1;
				DEVELOPMENT_TEAM = A999YUQPG2;
				GENERATE_INFOPLIST_FILE = YES;
				IPHONEOS_DEPLOYMENT_TARGET = 16.1;
				MARKETING_VERSION = 1.0;
				PRODUCT_BUNDLE_IDENTIFIER = org.haxi0.InstaSpringTests;
				PRODUCT_NAME = "$(TARGET_NAME)";
				SWIFT_EMIT_LOC_STRINGS = NO;
				SWIFT_VERSION = 5.0;
				TARGETED_DEVICE_FAMILY = "1,2";
				TEST_HOST = "$(BUILT_PRODUCTS_DIR)/InstaSpring.app/$(BUNDLE_EXECUTABLE_FOLDER_PATH)/InstaSpring";
			};
			name = Debug;
		};
		6D59A8F928DA1754001F97BC /* Release */ = {
			isa = XCBuildConfiguration;
			buildSettings = {
				ALWAYS_EMBED_SWIFT_STANDARD_LIBRARIES = YES;
				BUNDLE_LOADER = "$(TEST_HOST)";
				CODE_SIGN_STYLE = Automatic;
				CURRENT_PROJECT_VERSION = 1;
				DEVELOPMENT_TEAM = A999YUQPG2;
				GENERATE_INFOPLIST_FILE = YES;
				IPHONEOS_DEPLOYMENT_TARGET = 16.1;
				MARKETING_VERSION = 1.0;
				PRODUCT_BUNDLE_IDENTIFIER = org.haxi0.InstaSpringTests;
				PRODUCT_NAME = "$(TARGET_NAME)";
				SWIFT_EMIT_LOC_STRINGS = NO;
				SWIFT_VERSION = 5.0;
				TARGETED_DEVICE_FAMILY = "1,2";
				TEST_HOST = "$(BUILT_PRODUCTS_DIR)/InstaSpring.app/$(BUNDLE_EXECUTABLE_FOLDER_PATH)/InstaSpring";
			};
			name = Release;
		};
		6D59A8FB28DA1754001F97BC /* Debug */ = {
			isa = XCBuildConfiguration;
			buildSettings = {
				ALWAYS_EMBED_SWIFT_STANDARD_LIBRARIES = YES;
				CODE_SIGN_STYLE = Automatic;
				CURRENT_PROJECT_VERSION = 1;
				DEVELOPMENT_TEAM = A999YUQPG2;
				GENERATE_INFOPLIST_FILE = YES;
				MARKETING_VERSION = 1.0;
				PRODUCT_BUNDLE_IDENTIFIER = org.haxi0.InstaSpringUITests;
				PRODUCT_NAME = "$(TARGET_NAME)";
				SWIFT_EMIT_LOC_STRINGS = NO;
				SWIFT_VERSION = 5.0;
				TARGETED_DEVICE_FAMILY = "1,2";
				TEST_TARGET_NAME = InstaSpring;
			};
			name = Debug;
		};
		6D59A8FC28DA1754001F97BC /* Release */ = {
			isa = XCBuildConfiguration;
			buildSettings = {
				ALWAYS_EMBED_SWIFT_STANDARD_LIBRARIES = YES;
				CODE_SIGN_STYLE = Automatic;
				CURRENT_PROJECT_VERSION = 1;
				DEVELOPMENT_TEAM = A999YUQPG2;
				GENERATE_INFOPLIST_FILE = YES;
				MARKETING_VERSION = 1.0;
				PRODUCT_BUNDLE_IDENTIFIER = org.haxi0.InstaSpringUITests;
				PRODUCT_NAME = "$(TARGET_NAME)";
				SWIFT_EMIT_LOC_STRINGS = NO;
				SWIFT_VERSION = 5.0;
				TARGETED_DEVICE_FAMILY = "1,2";
				TEST_TARGET_NAME = InstaSpring;
			};
			name = Release;
		};
/* End XCBuildConfiguration section */

/* Begin XCConfigurationList section */
		6D59A8CB28DA1752001F97BC /* Build configuration list for PBXProject "InstaSpring" */ = {
			isa = XCConfigurationList;
			buildConfigurations = (
				6D59A8F228DA1754001F97BC /* Debug */,
				6D59A8F328DA1754001F97BC /* Release */,
			);
			defaultConfigurationIsVisible = 0;
			defaultConfigurationName = Release;
		};
		6D59A8F428DA1754001F97BC /* Build configuration list for PBXNativeTarget "InstaSpring" */ = {
			isa = XCConfigurationList;
			buildConfigurations = (
				6D59A8F528DA1754001F97BC /* Debug */,
				6D59A8F628DA1754001F97BC /* Release */,
			);
			defaultConfigurationIsVisible = 0;
			defaultConfigurationName = Release;
		};
		6D59A8F728DA1754001F97BC /* Build configuration list for PBXNativeTarget "InstaSpringTests" */ = {
			isa = XCConfigurationList;
			buildConfigurations = (
				6D59A8F828DA1754001F97BC /* Debug */,
				6D59A8F928DA1754001F97BC /* Release */,
			);
			defaultConfigurationIsVisible = 0;
			defaultConfigurationName = Release;
		};
		6D59A8FA28DA1754001F97BC /* Build configuration list for PBXNativeTarget "InstaSpringUITests" */ = {
			isa = XCConfigurationList;
			buildConfigurations = (
				6D59A8FB28DA1754001F97BC /* Debug */,
				6D59A8FC28DA1754001F97BC /* Release */,
			);
			defaultConfigurationIsVisible = 0;
			defaultConfigurationName = Release;
		};
/* End XCConfigurationList section */
	};
	rootObject = 6D59A8C828DA1752001F97BC /* Project object */;
}
